# Generated by buf. DO NOT EDIT.
version: v1
deps:
  - remote: buf.build
    owner: monstrs
    repository: queries
    commit: 3569a5d31e7b4a34a347a5c740ff3a5d
    digest: shake256:9d5c301f43d5db3076918ad3eb735a4d36548808f87e6a9c4c8f393c0193f05ea4eca2b5ed80052869911663d5afe71abf1b2472c8f56241af6e74375554401a
